
Microsoft Visual Studio Solution File, Format Version 12.00
Project("{FAE04EC0-301F-11D3-BF4B-00C04F79EFBC}") = "Common", "Common\Common.csproj", "{9BBBACA9-1783-4F47-9BBA-18D8234A808B}"
EndProject
Project("{FAE04EC0-301F-11D3-BF4B-00C04F79EFBC}") = "Cli", "Cli\Cli.csproj", "{69F489E7-3798-4763-B88C-822778C95228}"
EndProject
Project("{FAE04EC0-301F-11D3-BF4B-00C04F79EFBC}") = "Gui", "Gui\Gui.csproj", "{DC3EAE51-0CB6-4430-A996-13071B431E4D}"
EndProject
Project("{FAE04EC0-301F-11D3-BF4B-00C04F79EFBC}") = "Referee", "Referee\Referee.csproj", "{255CE868-76E0-4E2E-BF8F-AEF0B33A73E7}"
EndProject
Project("{FAE04EC0-301F-11D3-BF4B-00C04F79EFBC}") = "Vision", "Vision\Vision.csproj", "{0F1422E3-5BA8-4C30-8520-F1673D2ACACF}"
EndProject
Project("{FAE04EC0-301F-11D3-BF4B-00C04F79EFBC}") = "Soccer", "Soccer\Soccer.csproj", "{9F3865A0-E628-4BFD-9806-715CC17FF3A9}"
EndProject
Global
	GlobalSection(SolutionConfigurationPlatforms) = preSolution
		Debug|Any CPU = Debug|Any CPU
		Release|Any CPU = Release|Any CPU
	EndGlobalSection
	GlobalSection(ProjectConfigurationPlatforms) = postSolution
		{9BBBACA9-1783-4F47-9BBA-18D8234A808B}.Debug|Any CPU.ActiveCfg = Debug|Any CPU
		{9BBBACA9-1783-4F47-9BBA-18D8234A808B}.Debug|Any CPU.Build.0 = Debug|Any CPU
		{9BBBACA9-1783-4F47-9BBA-18D8234A808B}.Release|Any CPU.ActiveCfg = Release|Any CPU
		{9BBBACA9-1783-4F47-9BBA-18D8234A808B}.Release|Any CPU.Build.0 = Release|Any CPU
		{69F489E7-3798-4763-B88C-822778C95228}.Debug|Any CPU.ActiveCfg = Debug|Any CPU
		{69F489E7-3798-4763-B88C-822778C95228}.Debug|Any CPU.Build.0 = Debug|Any CPU
		{69F489E7-3798-4763-B88C-822778C95228}.Release|Any CPU.ActiveCfg = Release|Any CPU
		{69F489E7-3798-4763-B88C-822778C95228}.Release|Any CPU.Build.0 = Release|Any CPU
		{DC3EAE51-0CB6-4430-A996-13071B431E4D}.Debug|Any CPU.ActiveCfg = Debug|Any CPU
		{DC3EAE51-0CB6-4430-A996-13071B431E4D}.Debug|Any CPU.Build.0 = Debug|Any CPU
		{DC3EAE51-0CB6-4430-A996-13071B431E4D}.Release|Any CPU.ActiveCfg = Release|Any CPU
		{DC3EAE51-0CB6-4430-A996-13071B431E4D}.Release|Any CPU.Build.0 = Release|Any CPU
		{255CE868-76E0-4E2E-BF8F-AEF0B33A73E7}.Debug|Any CPU.ActiveCfg = Debug|Any CPU
		{255CE868-76E0-4E2E-BF8F-AEF0B33A73E7}.Debug|Any CPU.Build.0 = Debug|Any CPU
		{255CE868-76E0-4E2E-BF8F-AEF0B33A73E7}.Release|Any CPU.ActiveCfg = Release|Any CPU
		{255CE868-76E0-4E2E-BF8F-AEF0B33A73E7}.Release|Any CPU.Build.0 = Release|Any CPU
		{0F1422E3-5BA8-4C30-8520-F1673D2ACACF}.Debug|Any CPU.ActiveCfg = Debug|Any CPU
		{0F1422E3-5BA8-4C30-8520-F1673D2ACACF}.Debug|Any CPU.Build.0 = Debug|Any CPU
		{0F1422E3-5BA8-4C30-8520-F1673D2ACACF}.Release|Any CPU.ActiveCfg = Release|Any CPU
		{0F1422E3-5BA8-4C30-8520-F1673D2ACACF}.Release|Any CPU.Build.0 = Release|Any CPU
		{9F3865A0-E628-4BFD-9806-715CC17FF3A9}.Debug|Any CPU.ActiveCfg = Debug|Any CPU
		{9F3865A0-E628-4BFD-9806-715CC17FF3A9}.Debug|Any CPU.Build.0 = Debug|Any CPU
		{9F3865A0-E628-4BFD-9806-715CC17FF3A9}.Release|Any CPU.ActiveCfg = Release|Any CPU
		{9F3865A0-E628-4BFD-9806-715CC17FF3A9}.Release|Any CPU.Build.0 = Release|Any CPU
	EndGlobalSection
EndGlobal
